
Microsoft Visual Studio Solution File, Format Version 12.00
# Visual Studio Version 17
VisualStudioVersion = 17.14.36310.24 d17.14
MinimumVisualStudioVersion = 10.0.40219.1
Project("{FAE04EC0-301F-11D3-BF4B-00C04F79EFBC}") = "HtmlLinkParser", "HtmlLinkParser\HtmlLinkParser.csproj", "{FEFDB1F4-6741-4589-97E6-843E04EF10DF}"
EndProject
Global
	GlobalSection(SolutionConfigurationPlatforms) = preSolution
		Debug|Any CPU = Debug|Any CPU
		Release|Any CPU = Release|Any CPU
	EndGlobalSection
	GlobalSection(ProjectConfigurationPlatforms) = postSolution
		{FEFDB1F4-6741-4589-97E6-843E04EF10DF}.Debug|Any CPU.ActiveCfg = Debug|Any CPU
		{FEFDB1F4-6741-4589-97E6-843E04EF10DF}.Debug|Any CPU.Build.0 = Debug|Any CPU
		{FEFDB1F4-6741-4589-97E6-843E04EF10DF}.Release|Any CPU.ActiveCfg = Release|Any CPU
		{FEFDB1F4-6741-4589-97E6-843E04EF10DF}.Release|Any CPU.Build.0 = Release|Any CPU
	EndGlobalSection
	GlobalSection(SolutionProperties) = preSolution
		HideSolutionNode = FALSE
	EndGlobalSection
	GlobalSection(ExtensibilityGlobals) = postSolution
		SolutionGuid = {888AD26F-F8A2-414C-9301-64D3E970C427}
	EndGlobalSection
EndGlobal
